// !$*UTF8*$!
{
	archiveVersion = 1;
	classes = {
	};
	objectVersion = 46;
	objects = {

/* Begin PBXBuildFile section */
		E6D43AB81C8D680400953614 /* main.m in Sources */ = {isa = PBXBuildFile; fileRef = E6D43AB71C8D680400953614 /* main.m */; };
		E6D43ABB1C8D680400953614 /* AppDelegate.m in Sources */ = {isa = PBXBuildFile; fileRef = E6D43ABA1C8D680400953614 /* AppDelegate.m */; };
		E6D43ABE1C8D680400953614 /* ViewController.m in Sources */ = {isa = PBXBuildFile; fileRef = E6D43ABD1C8D680400953614 /* ViewController.m */; };
		E6D43AC11C8D680400953614 /* Main.storyboard in Resources */ = {isa = PBXBuildFile; fileRef = E6D43ABF1C8D680400953614 /* Main.storyboard */; };
		E6D43AC31C8D680400953614 /* Assets.xcassets in Resources */ = {isa = PBXBuildFile; fileRef = E6D43AC21C8D680400953614 /* Assets.xcassets */; };
		E6D43AC61C8D680400953614 /* LaunchScreen.storyboard in Resources */ = {isa = PBXBuildFile; fileRef = E6D43AC41C8D680400953614 /* LaunchScreen.storyboard */; };
		E6D43AD11C8D680400953614 /* CoreDataTests.m in Sources */ = {isa = PBXBuildFile; fileRef = E6D43AD01C8D680400953614 /* CoreDataTests.m */; };
		E6D43ADC1C8D680400953614 /* CoreDataUITests.m in Sources */ = {isa = PBXBuildFile; fileRef = E6D43ADB1C8D680400953614 /* CoreDataUITests.m */; };
/* End PBXBuildFile section */

/* Begin PBXContainerItemProxy section */
		E6D43ACD1C8D680400953614 /* PBXContainerItemProxy */ = {
			isa = PBXContainerItemProxy;
			containerPortal = E6D43AAB1C8D680400953614 /* Project object */;
			proxyType = 1;
			remoteGlobalIDString = E6D43AB21C8D680400953614;
			remoteInfo = CoreData;
		};
		E6D43AD81C8D680400953614 /* PBXContainerItemProxy */ = {
			isa = PBXContainerItemProxy;
			containerPortal = E6D43AAB1C8D680400953614 /* Project object */;
			proxyType = 1;
			remoteGlobalIDString = E6D43AB21C8D680400953614;
			remoteInfo = CoreData;
		};
/* End PBXContainerItemProxy section */

/* Begin PBXFileReference section */
		E6D43AB31C8D680400953614 /* CoreData.app */ = {isa = PBXFileReference; explicitFileType = wrapper.application; includeInIndex = 0; path = CoreData.app; sourceTree = BUILT_PRODUCTS_DIR; };
		E6D43AB71C8D680400953614 /* main.m */ = {isa = PBXFileReference; lastKnownFileType = sourcecode.c.objc; path = main.m; sourceTree = "<group>"; };
		E6D43AB91C8D680400953614 /* AppDelegate.h */ = {isa = PBXFileReference; lastKnownFileType = sourcecode.c.h; path = AppDelegate.h; sourceTree = "<group>"; };
		E6D43ABA1C8D680400953614 /* AppDelegate.m */ = {isa = PBXFileReference; lastKnownFileType = sourcecode.c.objc; path = AppDelegate.m; sourceTree = "<group>"; };
		E6D43ABC1C8D680400953614 /* ViewController.h */ = {isa = PBXFileReference; lastKnownFileType = sourcecode.c.h; path = ViewController.h; sourceTree = "<group>"; };
		E6D43ABD1C8D680400953614 /* ViewController.m */ = {isa = PBXFileReference; lastKnownFileType = sourcecode.c.objc; path = ViewController.m; sourceTree = "<group>"; };
		E6D43AC01C8D680400953614 /* Base */ = {isa = PBXFileReference; lastKnownFileType = file.storyboard; name = Base; path = Base.lproj/Main.storyboard; sourceTree = "<group>"; };
		E6D43AC21C8D680400953614 /* Assets.xcassets */ = {isa = PBXFileReference; lastKnownFileType = folder.assetcatalog; path = Assets.xcassets; sourceTree = "<group>"; };
		E6D43AC51C8D680400953614 /* Base */ = {isa = PBXFileReference; lastKnownFileType = file.storyboard; name = Base; path = Base.lproj/LaunchScreen.storyboard; sourceTree = "<group>"; };
		E6D43AC71C8D680400953614 /* Info.plist */ = {isa = PBXFileReference; lastKnownFileType = text.plist.xml; path = Info.plist; sourceTree = "<group>"; };
		E6D43ACC1C8D680400953614 /* CoreDataTests.xctest */ = {isa = PBXFileReference; explicitFileType = wrapper.cfbundle; includeInIndex = 0; path = CoreDataTests.xctest; sourceTree = BUILT_PRODUCTS_DIR; };
		E6D43AD01C8D680400953614 /* CoreDataTests.m */ = {isa = PBXFileReference; lastKnownFileType = sourcecode.c.objc; path = CoreDataTests.m; sourceTree = "<group>"; };
		E6D43AD21C8D680400953614 /* Info.plist */ = {isa = PBXFileReference; lastKnownFileType = text.plist.xml; path = Info.plist; sourceTree = "<group>"; };
		E6D43AD71C8D680400953614 /* CoreDataUITests.xctest */ = {isa = PBXFileReference; explicitFileType = wrapper.cfbundle; includeInIndex = 0; path = CoreDataUITests.xctest; sourceTree = BUILT_PRODUCTS_DIR; };
		E6D43ADB1C8D680400953614 /* CoreDataUITests.m */ = {isa = PBXFileReference; lastKnownFileType = sourcecode.c.objc; path = CoreDataUITests.m; sourceTree = "<group>"; };
		E6D43ADD1C8D680400953614 /* Info.plist */ = {isa = PBXFileReference; lastKnownFileType = text.plist.xml; path = Info.plist; sourceTree = "<group>"; };
/* End PBXFileReference section */

/* Begin PBXFrameworksBuildPhase section */
		E6D43AB01C8D680400953614 /* Frameworks */ = {
			isa = PBXFrameworksBuildPhase;
			buildActionMask = 2147483647;
			files = (
			);
			runOnlyForDeploymentPostprocessing = 0;
		};
		E6D43AC91C8D680400953614 /* Frameworks */ = {
			isa = PBXFrameworksBuildPhase;
			buildActionMask = 2147483647;
			files = (
			);
			runOnlyForDeploymentPostprocessing = 0;
		};
		E6D43AD41C8D680400953614 /* Frameworks */ = {
			isa = PBXFrameworksBuildPhase;
			buildActionMask = 2147483647;
			files = (
			);
			runOnlyForDeploymentPostprocessing = 0;
		};
/* End PBXFrameworksBuildPhase section */

/* Begin PBXGroup section */
		E6D43AAA1C8D680400953614 = {
			isa = PBXGroup;
			children = (
				E6D43AB51C8D680400953614 /* CoreData */,
				E6D43ACF1C8D680400953614 /* CoreDataTests */,
				E6D43ADA1C8D680400953614 /* CoreDataUITests */,
				E6D43AB41C8D680400953614 /* Products */,
			);
			sourceTree = "<group>";
		};
		E6D43AB41C8D680400953614 /* Products */ = {
			isa = PBXGroup;
			children = (
				E6D43AB31C8D680400953614 /* CoreData.app */,
				E6D43ACC1C8D680400953614 /* CoreDataTests.xctest */,
				E6D43AD71C8D680400953614 /* CoreDataUITests.xctest */,
			);
			name = Products;
			sourceTree = "<group>";
		};
		E6D43AB51C8D680400953614 /* CoreData */ = {
			isa = PBXGroup;
			children = (
				E6D43AB91C8D680400953614 /* AppDelegate.h */,
				E6D43ABA1C8D680400953614 /* AppDelegate.m */,
				E6D43ABC1C8D680400953614 /* ViewController.h */,
				E6D43ABD1C8D680400953614 /* ViewController.m */,
				E6D43ABF1C8D680400953614 /* Main.storyboard */,
				E6D43AC21C8D680400953614 /* Assets.xcassets */,
				E6D43AC41C8D680400953614 /* LaunchScreen.storyboard */,
				E6D43AC71C8D680400953614 /* Info.plist */,
				E6D43AB61C8D680400953614 /* Supporting Files */,
			);
			path = CoreData;
			sourceTree = "<group>";
		};
		E6D43AB61C8D680400953614 /* Supporting Files */ = {
			isa = PBXGroup;
			children = (
				E6D43AB71C8D680400953614 /* main.m */,
			);
			name = "Supporting Files";
			sourceTree = "<group>";
		};
		E6D43ACF1C8D680400953614 /* CoreDataTests */ = {
			isa = PBXGroup;
			children = (
				E6D43AD01C8D680400953614 /* CoreDataTests.m */,
				E6D43AD21C8D680400953614 /* Info.plist */,
			);
			path = CoreDataTests;
			sourceTree = "<group>";
		};
		E6D43ADA1C8D680400953614 /* CoreDataUITests */ = {
			isa = PBXGroup;
			children = (
				E6D43ADB1C8D680400953614 /* CoreDataUITests.m */,
				E6D43ADD1C8D680400953614 /* Info.plist */,
			);
			path = CoreDataUITests;
			sourceTree = "<group>";
		};
/* End PBXGroup section */

/* Begin PBXNativeTarget section */
		E6D43AB21C8D680400953614 /* CoreData */ = {
			isa = PBXNativeTarget;
			buildConfigurationList = E6D43AE01C8D680400953614 /* Build configuration list for PBXNativeTarget "CoreData" */;
			buildPhases = (
				E6D43AAF1C8D680400953614 /* Sources */,
				E6D43AB01C8D680400953614 /* Frameworks */,
				E6D43AB11C8D680400953614 /* Resources */,
			);
			buildRules = (
			);
			dependencies = (
			);
			name = CoreData;
			productName = CoreData;
			productReference = E6D43AB31C8D680400953614 /* CoreData.app */;
			productType = "com.apple.product-type.application";
		};
		E6D43ACB1C8D680400953614 /* CoreDataTests */ = {
			isa = PBXNativeTarget;
			buildConfigurationList = E6D43AE31C8D680400953614 /* Build configuration list for PBXNativeTarget "CoreDataTests" */;
			buildPhases = (
				E6D43AC81C8D680400953614 /* Sources */,
				E6D43AC91C8D680400953614 /* Frameworks */,
				E6D43ACA1C8D680400953614 /* Resources */,
			);
			buildRules = (
			);
			dependencies = (
				E6D43ACE1C8D680400953614 /* PBXTargetDependency */,
			);
			name = CoreDataTests;
			productName = CoreDataTests;
			productReference = E6D43ACC1C8D680400953614 /* CoreDataTests.xctest */;
			productType = "com.apple.product-type.bundle.unit-test";
		};
		E6D43AD61C8D680400953614 /* CoreDataUITests */ = {
			isa = PBXNativeTarget;
			buildConfigurationList = E6D43AE61C8D680400953614 /* Build configuration list for PBXNativeTarget "CoreDataUITests" */;
			buildPhases = (
				E6D43AD31C8D680400953614 /* Sources */,
				E6D43AD41C8D680400953614 /* Frameworks */,
				E6D43AD51C8D680400953614 /* Resources */,
			);
			buildRules = (
			);
			dependencies = (
				E6D43AD91C8D680400953614 /* PBXTargetDependency */,
			);
			name = CoreDataUITests;
			productName = CoreDataUITests;
			productReference = E6D43AD71C8D680400953614 /* CoreDataUITests.xctest */;
			productType = "com.apple.product-type.bundle.ui-testing";
		};
/* End PBXNativeTarget section */

/* Begin PBXProject section */
		E6D43AAB1C8D680400953614 /* Project object */ = {
			isa = PBXProject;
			attributes = {
				LastUpgradeCheck = 0700;
				ORGANIZATIONNAME = "张汇丰";
				TargetAttributes = {
					E6D43AB21C8D680400953614 = {
						CreatedOnToolsVersion = 7.0;
					};
					E6D43ACB1C8D680400953614 = {
						CreatedOnToolsVersion = 7.0;
						TestTargetID = E6D43AB21C8D680400953614;
					};
					E6D43AD61C8D680400953614 = {
						CreatedOnToolsVersion = 7.0;
						TestTargetID = E6D43AB21C8D680400953614;
					};
				};
			};
			buildConfigurationList = E6D43AAE1C8D680400953614 /* Build configuration list for PBXProject "CoreData" */;
			compatibilityVersion = "Xcode 3.2";
			developmentRegion = English;
			hasScannedForEncodings = 0;
			knownRegions = (
				en,
				Base,
			);
			mainGroup = E6D43AAA1C8D680400953614;
			productRefGroup = E6D43AB41C8D680400953614 /* Products */;
			projectDirPath = "";
			projectRoot = "";
			targets = (
				E6D43AB21C8D680400953614 /* CoreData */,
				E6D43ACB1C8D680400953614 /* CoreDataTests */,
				E6D43AD61C8D680400953614 /* CoreDataUITests */,
			);
		};
/* End PBXProject section */

/* Begin PBXResourcesBuildPhase section */
		E6D43AB11C8D680400953614 /* Resources */ = {
			isa = PBXResourcesBuildPhase;
			buildActionMask = 2147483647;
			files = (
				E6D43AC61C8D680400953614 /* LaunchScreen.storyboard in Resources */,
				E6D43AC31C8D680400953614 /* Assets.xcassets in Resources */,
				E6D43AC11C8D680400953614 /* Main.storyboard in Resources */,
			);
			runOnlyForDeploymentPostprocessing = 0;
		};
		E6D43ACA1C8D680400953614 /* Resources */ = {
			isa = PBXResourcesBuildPhase;
			buildActionMask = 2147483647;
			files = (
			);
			runOnlyForDeploymentPostprocessing = 0;
		};
		E6D43AD51C8D680400953614 /* Resources */ = {
			isa = PBXResourcesBuildPhase;
			buildActionMask = 2147483647;
			files = (
			);
			runOnlyForDeploymentPostprocessing = 0;
		};
/* End PBXResourcesBuildPhase section */

/* Begin PBXSourcesBuildPhase section */
		E6D43AAF1C8D680400953614 /* Sources */ = {
			isa = PBXSourcesBuildPhase;
			buildActionMask = 2147483647;
			files = (
				E6D43ABE1C8D680400953614 /* ViewController.m in Sources */,
				E6D43ABB1C8D680400953614 /* AppDelegate.m in Sources */,
				E6D43AB81C8D680400953614 /* main.m in Sources */,
			);
			runOnlyForDeploymentPostprocessing = 0;
		};
		E6D43AC81C8D680400953614 /* Sources */ = {
			isa = PBXSourcesBuildPhase;
			buildActionMask = 2147483647;
			files = (
				E6D43AD11C8D680400953614 /* CoreDataTests.m in Sources */,
			);
			runOnlyForDeploymentPostprocessing = 0;
		};
		E6D43AD31C8D680400953614 /* Sources */ = {
			isa = PBXSourcesBuildPhase;
			buildActionMask = 2147483647;
			files = (
				E6D43ADC1C8D680400953614 /* CoreDataUITests.m in Sources */,
			);
			runOnlyForDeploymentPostprocessing = 0;
		};
/* End PBXSourcesBuildPhase section */

/* Begin PBXTargetDependency section */
		E6D43ACE1C8D680400953614 /* PBXTargetDependency */ = {
			isa = PBXTargetDependency;
			target = E6D43AB21C8D680400953614 /* CoreData */;
			targetProxy = E6D43ACD1C8D680400953614 /* PBXContainerItemProxy */;
		};
		E6D43AD91C8D680400953614 /* PBXTargetDependency */ = {
			isa = PBXTargetDependency;
			target = E6D43AB21C8D680400953614 /* CoreData */;
			targetProxy = E6D43AD81C8D680400953614 /* PBXContainerItemProxy */;
		};
/* End PBXTargetDependency section */

/* Begin PBXVariantGroup section */
		E6D43ABF1C8D680400953614 /* Main.storyboard */ = {
			isa = PBXVariantGroup;
			children = (
				E6D43AC01C8D680400953614 /* Base */,
			);
			name = Main.storyboard;
			sourceTree = "<group>";
		};
		E6D43AC41C8D680400953614 /* LaunchScreen.storyboard */ = {
			isa = PBXVariantGroup;
			children = (
				E6D43AC51C8D680400953614 /* Base */,
			);
			name = LaunchScreen.storyboard;
			sourceTree = "<group>";
		};
/* End PBXVariantGroup section */

/* Begin XCBuildConfiguration section */
		E6D43ADE1C8D680400953614 /* Debug */ = {
			isa = XCBuildConfiguration;
			buildSettings = {
				ALWAYS_SEARCH_USER_PATHS = NO;
				CLANG_CXX_LANGUAGE_STANDARD = "gnu++0x";
				CLANG_CXX_LIBRARY = "libc++";
				CLANG_ENABLE_MODULES = YES;
				CLANG_ENABLE_OBJC_ARC = YES;
				CLANG_WARN_BOOL_CONVERSION = YES;
				CLANG_WARN_CONSTANT_CONVERSION = YES;
				CLANG_WARN_DIRECT_OBJC_ISA_USAGE = YES_ERROR;
				CLANG_WARN_EMPTY_BODY = YES;
				CLANG_WARN_ENUM_CONVERSION = YES;
				CLANG_WARN_INT_CONVERSION = YES;
				CLANG_WARN_OBJC_ROOT_CLASS = YES_ERROR;
				CLANG_WARN_UNREACHABLE_CODE = YES;
				CLANG_WARN__DUPLICATE_METHOD_MATCH = YES;
				"CODE_SIGN_IDENTITY[sdk=iphoneos*]" = "iPhone Developer";
				COPY_PHASE_STRIP = NO;
				DEBUG_INFORMATION_FORMAT = dwarf;
				ENABLE_STRICT_OBJC_MSGSEND = YES;
				ENABLE_TESTABILITY = YES;
				GCC_C_LANGUAGE_STANDARD = gnu99;
				GCC_DYNAMIC_NO_PIC = NO;
				GCC_NO_COMMON_BLOCKS = YES;
				GCC_OPTIMIZATION_LEVEL = 0;
				GCC_PREPROCESSOR_DEFINITIONS = (
					"DEBUG=1",
					"$(inherited)",
				);
				GCC_WARN_64_TO_32_BIT_CONVERSION = YES;
				GCC_WARN_ABOUT_RETURN_TYPE = YES_ERROR;
				GCC_WARN_UNDECLARED_SELECTOR = YES;
				GCC_WARN_UNINITIALIZED_AUTOS = YES_AGGRESSIVE;
				GCC_WARN_UNUSED_FUNCTION = YES;
				GCC_WARN_UNUSED_VARIABLE = YES;
				IPHONEOS_DEPLOYMENT_TARGET = 9.0;
				MTL_ENABLE_DEBUG_INFO = YES;
				ONLY_ACTIVE_ARCH = YES;
				SDKROOT = iphoneos;
				TARGETED_DEVICE_FAMILY = "1,2";
			};
			name = Debug;
		};
		E6D43ADF1C8D680400953614 /* Release */ = {
			isa = XCBuildConfiguration;
			buildSettings = {
				ALWAYS_SEARCH_USER_PATHS = NO;
				CLANG_CXX_LANGUAGE_STANDARD = "gnu++0x";
				CLANG_CXX_LIBRARY = "libc++";
				CLANG_ENABLE_MODULES = YES;
				CLANG_ENABLE_OBJC_ARC = YES;
				CLANG_WARN_BOOL_CONVERSION = YES;
				CLANG_WARN_CONSTANT_CONVERSION = YES;
				CLANG_WARN_DIRECT_OBJC_ISA_USAGE = YES_ERROR;
				CLANG_WARN_EMPTY_BODY = YES;
				CLANG_WARN_ENUM_CONVERSION = YES;
				CLANG_WARN_INT_CONVERSION = YES;
				CLANG_WARN_OBJC_ROOT_CLASS = YES_ERROR;
				CLANG_WARN_UNREACHABLE_CODE = YES;
				CLANG_WARN__DUPLICATE_METHOD_MATCH = YES;
				"CODE_SIGN_IDENTITY[sdk=iphoneos*]" = "iPhone Developer";
				COPY_PHASE_STRIP = NO;
				DEBUG_INFORMATION_FORMAT = "dwarf-with-dsym";
				ENABLE_NS_ASSERTIONS = NO;
				ENABLE_STRICT_OBJC_MSGSEND = YES;
				GCC_C_LANGUAGE_STANDARD = gnu99;
				GCC_NO_COMMON_BLOCKS = YES;
				GCC_WARN_64_TO_32_BIT_CONVERSION = YES;
				GCC_WARN_ABOUT_RETURN_TYPE = YES_ERROR;
				GCC_WARN_UNDECLARED_SELECTOR = YES;
				GCC_WARN_UNINITIALIZED_AUTOS = YES_AGGRESSIVE;
				GCC_WARN_UNUSED_FUNCTION = YES;
				GCC_WARN_UNUSED_VARIABLE = YES;
				IPHONEOS_DEPLOYMENT_TARGET = 9.0;
				MTL_ENABLE_DEBUG_INFO = NO;
				SDKROOT = iphoneos;
				TARGETED_DEVICE_FAMILY = "1,2";
				VALIDATE_PRODUCT = YES;
			};
			name = Release;
		};
		E6D43AE11C8D680400953614 /* Debug */ = {
			isa = XCBuildConfiguration;
			buildSettings = {
				ASSETCATALOG_COMPILER_APPICON_NAME = AppIcon;
				INFOPLIST_FILE = CoreData/Info.plist;
				LD_RUNPATH_SEARCH_PATHS = "$(inherited) @executable_path/Frameworks";
				PRODUCT_BUNDLE_IDENTIFIER = quqi.com.CoreData;
				PRODUCT_NAME = "$(TARGET_NAME)";
			};
			name = Debug;
		};
		E6D43AE21C8D680400953614 /* Release */ = {
			isa = XCBuildConfiguration;
			buildSettings = {
				ASSETCATALOG_COMPILER_APPICON_NAME = AppIcon;
				INFOPLIST_FILE = CoreData/Info.plist;
				LD_RUNPATH_SEARCH_PATHS = "$(inherited) @executable_path/Frameworks";
				PRODUCT_BUNDLE_IDENTIFIER = quqi.com.CoreData;
				PRODUCT_NAME = "$(TARGET_NAME)";
			};
			name = Release;
		};
		E6D43AE41C8D680400953614 /* Debug */ = {
			isa = XCBuildConfiguration;
			buildSettings = {
				BUNDLE_LOADER = "$(TEST_HOST)";
				INFOPLIST_FILE = CoreDataTests/Info.plist;
				LD_RUNPATH_SEARCH_PATHS = "$(inherited) @executable_path/Frameworks @loader_path/Frameworks";
				PRODUCT_BUNDLE_IDENTIFIER = quqi.com.CoreDataTests;
				PRODUCT_NAME = "$(TARGET_NAME)";
				TEST_HOST = "$(BUILT_PRODUCTS_DIR)/CoreData.app/CoreData";
			};
			name = Debug;
		};
		E6D43AE51C8D680400953614 /* Release */ = {
			isa = XCBuildConfiguration;
			buildSettings = {
				BUNDLE_LOADER = "$(TEST_HOST)";
				INFOPLIST_FILE = CoreDataTests/Info.plist;
				LD_RUNPATH_SEARCH_PATHS = "$(inherited) @executable_path/Frameworks @loader_path/Frameworks";
				PRODUCT_BUNDLE_IDENTIFIER = quqi.com.CoreDataTests;
				PRODUCT_NAME = "$(TARGET_NAME)";
				TEST_HOST = "$(BUILT_PRODUCTS_DIR)/CoreData.app/CoreData";
			};
			name = Release;
		};
		E6D43AE71C8D680400953614 /* Debug */ = {
			isa = XCBuildConfiguration;
			buildSettings = {
				INFOPLIST_FILE = CoreDataUITests/Info.plist;
				LD_RUNPATH_SEARCH_PATHS = "$(inherited) @executable_path/Frameworks @loader_path/Frameworks";
				PRODUCT_BUNDLE_IDENTIFIER = quqi.com.CoreDataUITests;
				PRODUCT_NAME = "$(TARGET_NAME)";
				TEST_TARGET_NAME = CoreData;
				USES_XCTRUNNER = YES;
			};
			name = Debug;
		};
		E6D43AE81C8D680400953614 /* Release */ = {
			isa = XCBuildConfiguration;
			buildSettings = {
				INFOPLIST_FILE = CoreDataUITests/Info.plist;
				LD_RUNPATH_SEARCH_PATHS = "$(inherited) @executable_path/Frameworks @loader_path/Frameworks";
				PRODUCT_BUNDLE_IDENTIFIER = quqi.com.CoreDataUITests;
				PRODUCT_NAME = "$(TARGET_NAME)";
				TEST_TARGET_NAME = CoreData;
				USES_XCTRUNNER = YES;
			};
			name = Release;
		};
/* End XCBuildConfiguration section */

/* Begin XCConfigurationList section */
		E6D43AAE1C8D680400953614 /* Build configuration list for PBXProject "CoreData" */ = {
			isa = XCConfigurationList;
			buildConfigurations = (
				E6D43ADE1C8D680400953614 /* Debug */,
				E6D43ADF1C8D680400953614 /* Release */,
			);
			defaultConfigurationIsVisible = 0;
			defaultConfigurationName = Release;
		};
		E6D43AE01C8D680400953614 /* Build configuration list for PBXNativeTarget "CoreData" */ = {
			isa = XCConfigurationList;
			buildConfigurations = (
				E6D43AE11C8D680400953614 /* Debug */,
				E6D43AE21C8D680400953614 /* Release */,
			);
			defaultConfigurationIsVisible = 0;
		};
		E6D43AE31C8D680400953614 /* Build configuration list for PBXNativeTarget "CoreDataTests" */ = {
			isa = XCConfigurationList;
			buildConfigurations = (
				E6D43AE41C8D680400953614 /* Debug */,
				E6D43AE51C8D680400953614 /* Release */,
			);
			defaultConfigurationIsVisible = 0;
		};
		E6D43AE61C8D680400953614 /* Build configuration list for PBXNativeTarget "CoreDataUITests" */ = {
			isa = XCConfigurationList;
			buildConfigurations = (
				E6D43AE71C8D680400953614 /* Debug */,
				E6D43AE81C8D680400953614 /* Release */,
			);
			defaultConfigurationIsVisible = 0;
		};
/* End XCConfigurationList section */
	};
	rootObject = E6D43AAB1C8D680400953614 /* Project object */;
}
